
Microsoft Visual Studio Solution File, Format Version 12.00
# Visual Studio Version 17
VisualStudioVersion = 17.3.32929.385
MinimumVisualStudioVersion = 10.0.40219.1
Project("{FAE04EC0-301F-11D3-BF4B-00C04F79EFBC}") = "TerminalUI", "TerminalUI.csproj", "{A155372B-13E5-413F-9387-0E22D5ECBE46}"
EndProject
Global
	GlobalSection(SolutionConfigurationPlatforms) = preSolution
		Debug|Any CPU = Debug|Any CPU
		Release|Any CPU = Release|Any CPU
	EndGlobalSection
	GlobalSection(ProjectConfigurationPlatforms) = postSolution
		{A155372B-13E5-413F-9387-0E22D5ECBE46}.Debug|Any CPU.ActiveCfg = Debug|Any CPU
		{A155372B-13E5-413F-9387-0E22D5ECBE46}.Debug|Any CPU.Build.0 = Debug|Any CPU
		{A155372B-13E5-413F-9387-0E22D5ECBE46}.Release|Any CPU.ActiveCfg = Release|Any CPU
		{A155372B-13E5-413F-9387-0E22D5ECBE46}.Release|Any CPU.Build.0 = Release|Any CPU
	EndGlobalSection
	GlobalSection(SolutionProperties) = preSolution
		HideSolutionNode = FALSE
	EndGlobalSection
	GlobalSection(ExtensibilityGlobals) = postSolution
		SolutionGuid = {1374D01D-512F-4DE1-B41B-CA775FF8BAA4}
	EndGlobalSection
EndGlobal
